
Microsoft Visual Studio Solution File, Format Version 12.00
# Visual Studio Version 16
VisualStudioVersion = 16.0.30717.126
MinimumVisualStudioVersion = 10.0.40219.1
Project("{FAE04EC0-301F-11D3-BF4B-00C04F79EFBC}") = "PingPongPlaya", "PingPongPlaya\PingPongPlaya.csproj", "{B423BB8E-04B8-4024-865C-F30883166996}"
EndProject
Global
	GlobalSection(SolutionConfigurationPlatforms) = preSolution
		Debug|Any CPU = Debug|Any CPU
		Release|Any CPU = Release|Any CPU
	EndGlobalSection
	GlobalSection(ProjectConfigurationPlatforms) = postSolution
		{B423BB8E-04B8-4024-865C-F30883166996}.Debug|Any CPU.ActiveCfg = Debug|Any CPU
		{B423BB8E-04B8-4024-865C-F30883166996}.Debug|Any CPU.Build.0 = Debug|Any CPU
		{B423BB8E-04B8-4024-865C-F30883166996}.Release|Any CPU.ActiveCfg = Release|Any CPU
		{B423BB8E-04B8-4024-865C-F30883166996}.Release|Any CPU.Build.0 = Release|Any CPU
	EndGlobalSection
	GlobalSection(SolutionProperties) = preSolution
		HideSolutionNode = FALSE
	EndGlobalSection
	GlobalSection(ExtensibilityGlobals) = postSolution
		SolutionGuid = {9233C785-A0A0-4B7D-8AF2-67030B16D1F2}
	EndGlobalSection
EndGlobal
